{
    "_readme": [
        "This file locks the dependencies of your project to a known state",
        "Read more about it at https://getcomposer.org/doc/01-basic-usage.md#composer-lock-the-lock-file",
        "This file is @generated automatically"
    ],
    "content-hash": "efe929b769a2fa50e1d0b0ab1d7744e9",
    "packages": [
        {
            "name": "dompdf/dompdf",
            "version": "v0.8.0",
            "source": {
                "type": "git",
                "url": "https://github.com/dompdf/dompdf.git",
                "reference": "0f418c6b58fdeafc2a0e80eb1fa5e644e185089c"
            },
            "dist": {
                "type": "zip",
                "url": "https://api.github.com/repos/dompdf/dompdf/zipball/0f418c6b58fdeafc2a0e80eb1fa5e644e185089c",
                "reference": "0f418c6b58fdeafc2a0e80eb1fa5e644e185089c",
                "shasum": ""
            },
            "require": {
                "ext-dom": "*",
                "ext-gd": "*",
                "ext-mbstring": "*",
                "phenx/php-font-lib": "0.5.*",
                "phenx/php-svg-lib": "0.2.*",
                "php": ">=5.3.0"
            },
            "require-dev": {
                "phpunit/phpunit": "4.8.*",
                "squizlabs/php_codesniffer": "2.*"
            },
            "type": "library",
            "extra": {
                "branch-alias": {
                    "dev-develop": "0.7-dev"
                }
            },
            "autoload": {
                "psr-4": {
                    "Dompdf\\": "src/"
                },
                "classmap": [
                    "lib/"
                ]
            },
            "notification-url": "https://packagist.org/downloads/",
            "license": [
                "LGPL-2.1"
            ],
            "authors": [
                {
                    "name": "Fabien Ménager",
                    "email": "fabien.menager@gmail.com"
                },
                {
                    "name": "Brian Sweeney",
                    "email": "eclecticgeek@gmail.com"
                },
                {
                    "name": "Gabriel Bull",
                    "email": "me@gabrielbull.com"
                }
            ],
            "description": "DOMPDF is a CSS 2.1 compliant HTML to PDF converter",
            "homepage": "https://github.com/dompdf/dompdf",
            "time": "2017-02-16T02:40:40+00:00"
        },
        {
            "name": "phenx/php-font-lib",
            "version": "0.5",
            "source": {
                "type": "git",
                "url": "https://github.com/PhenX/php-font-lib.git",
                "reference": "19ad2bebc35be028fcc0221025fcbf3d436a3962"
            },
            "dist": {
                "type": "zip",
                "url": "https://api.github.com/repos/PhenX/php-font-lib/zipball/19ad2bebc35be028fcc0221025fcbf3d436a3962",
                "reference": "19ad2bebc35be028fcc0221025fcbf3d436a3962",
                "shasum": ""
            },
            "require-dev": {
                "phpunit/phpunit": "^4.8"
            },
            "type": "library",
            "autoload": {
                "psr-4": {
                    "FontLib\\": "src/FontLib"
                }
            },
            "notification-url": "https://packagist.org/downloads/",
            "license": [
                "LGPL-3.0"
            ],
            "authors": [
                {
                    "name": "Fabien Ménager",
                    "email": "fabien.menager@gmail.com"
                }
            ],
            "description": "A library to read, parse, export and make subsets of different types of font files.",
            "homepage": "https://github.com/PhenX/php-font-lib",
            "time": "2017-02-11T10:58:43+00:00"
        },
        {
            "name": "phenx/php-svg-lib",
            "version": "v0.2",
            "source": {
                "type": "git",
                "url": "https://github.com/PhenX/php-svg-lib.git",
                "reference": "de291bec8449b89acfe85691b5c71434797959dc"
            },
            "dist": {
                "type": "zip",
                "url": "https://api.github.com/repos/PhenX/php-svg-lib/zipball/de291bec8449b89acfe85691b5c71434797959dc",
                "reference": "de291bec8449b89acfe85691b5c71434797959dc",
                "shasum": ""
            },
            "require": {
                "sabberworm/php-css-parser": "6.0.*"
            },
            "type": "library",
            "autoload": {
                "psr-0": {
                    "Svg\\": "src/"
                }
            },
            "notification-url": "https://packagist.org/downloads/",
            "license": [
                "LGPL-3.0"
            ],
            "authors": [
                {
                    "name": "Fabien Ménager",
                    "email": "fabien.menager@gmail.com"
                }
            ],
            "description": "A library to read, parse and export to PDF SVG files.",
            "homepage": "https://github.com/PhenX/php-svg-lib",
            "time": "2016-12-13T20:25:45+00:00"
        },
        {
            "name": "sabberworm/php-css-parser",
            "version": "6.0.1",
            "source": {
                "type": "git",
                "url": "https://github.com/sabberworm/PHP-CSS-Parser.git",
                "reference": "9ea4b00c569b19f731d0c2e0e802055877ff40c2"
            },
            "dist": {
                "type": "zip",
                "url": "https://api.github.com/repos/sabberworm/PHP-CSS-Parser/zipball/9ea4b00c569b19f731d0c2e0e802055877ff40c2",
                "reference": "9ea4b00c569b19f731d0c2e0e802055877ff40c2",
                "shasum": ""
            },
            "require": {
                "php": ">=5.3.2"
            },
            "type": "library",
            "autoload": {
                "psr-0": {
                    "Sabberworm\\CSS": "lib/"
                }
            },
            "notification-url": "https://packagist.org/downloads/",
            "license": [
                "MIT"
            ],
            "authors": [
                {
                    "name": "Raphael Schweikert"
                }
            ],
            "description": "Parser for CSS Files written in PHP",
            "homepage": "http://www.sabberworm.com/blog/2010/6/10/php-css-parser",
            "keywords": [
                "css",
                "parser",
                "stylesheet"
            ],
            "time": "2015-08-24T08:48:52+00:00"
        }
    ],
    "packages-dev": [
        {
            "name": "doctrine/inflector",
            "version": "v1.1.0",
            "source": {
                "type": "git",
                "url": "https://github.com/doctrine/inflector.git",
                "reference": "90b2128806bfde671b6952ab8bea493942c1fdae"
            },
            "dist": {
                "type": "zip",
                "url": "https://api.github.com/repos/doctrine/inflector/zipball/90b2128806bfde671b6952ab8bea493942c1fdae",
                "reference": "90b2128806bfde671b6952ab8bea493942c1fdae",
                "shasum": ""
            },
            "require": {
                "php": ">=5.3.2"
            },
            "require-dev": {
                "phpunit/phpunit": "4.*"
            },
            "type": "library",
            "extra": {
                "branch-alias": {
                    "dev-master": "1.1.x-dev"
                }
            },
            "autoload": {
                "psr-0": {
                    "Doctrine\\Common\\Inflector\\": "lib/"
                }
            },
            "notification-url": "https://packagist.org/downloads/",
            "license": [
                "MIT"
            ],
            "authors": [
                {
                    "name": "Roman Borschel",
                    "email": "roman@code-factory.org"
                },
                {
                    "name": "Benjamin Eberlei",
                    "email": "kontakt@beberlei.de"
                },
                {
                    "name": "Guilherme Blanco",
                    "email": "guilhermeblanco@gmail.com"
                },
                {
                    "name": "Jonathan Wage",
                    "email": "jonwage@gmail.com"
                },
                {
                    "name": "Johannes Schmitt",
                    "email": "schmittjoh@gmail.com"
                }
            ],
            "description": "Common String Manipulations with regard to casing and singular/plural rules.",
            "homepage": "http://www.doctrine-project.org",
            "keywords": [
                "inflection",
                "pluralize",
                "singularize",
                "string"
            ],
            "time": "2015-11-06T14:35:42+00:00"
        },
        {
            "name": "illuminate/container",
            "version": "v5.4.19",
            "source": {
                "type": "git",
                "url": "https://github.com/illuminate/container.git",
                "reference": "50aa19491d478edd907d1f67e0928944e8b2dcb5"
            },
            "dist": {
                "type": "zip",
                "url": "https://api.github.com/repos/illuminate/container/zipball/50aa19491d478edd907d1f67e0928944e8b2dcb5",
                "reference": "50aa19491d478edd907d1f67e0928944e8b2dcb5",
                "shasum": ""
            },
            "require": {
                "illuminate/contracts": "5.4.*",
                "php": ">=5.6.4"
            },
            "type": "library",
            "extra": {
                "branch-alias": {
                    "dev-master": "5.4-dev"
                }
            },
            "autoload": {
                "psr-4": {
                    "Illuminate\\Container\\": ""
                }
            },
            "notification-url": "https://packagist.org/downloads/",
            "license": [
                "MIT"
            ],
            "authors": [
                {
                    "name": "Taylor Otwell",
                    "email": "taylor@laravel.com"
                }
            ],
            "description": "The Illuminate Container package.",
            "homepage": "https://laravel.com",
            "time": "2017-04-16T13:32:45+00:00"
        },
        {
            "name": "illuminate/contracts",
            "version": "v5.4.19",
            "source": {
                "type": "git",
                "url": "https://github.com/illuminate/contracts.git",
                "reference": "ab2825726bee46a67c8cc66789852189dbef74a9"
            },
            "dist": {
                "type": "zip",
                "url": "https://api.github.com/repos/illuminate/contracts/zipball/ab2825726bee46a67c8cc66789852189dbef74a9",
                "reference": "ab2825726bee46a67c8cc66789852189dbef74a9",
                "shasum": ""
            },
            "require": {
                "php": ">=5.6.4"
            },
            "type": "library",
            "extra": {
                "branch-alias": {
                    "dev-master": "5.4-dev"
                }
            },
            "autoload": {
                "psr-4": {
                    "Illuminate\\Contracts\\": ""
                }
            },
            "notification-url": "https://packagist.org/downloads/",
            "license": [
                "MIT"
            ],
            "authors": [
                {
                    "name": "Taylor Otwell",
                    "email": "taylor@laravel.com"
                }
            ],
            "description": "The Illuminate Contracts package.",
            "homepage": "https://laravel.com",
            "time": "2017-03-29T13:17:47+00:00"
        },
        {
            "name": "illuminate/events",
            "version": "v5.4.19",
            "source": {
                "type": "git",
                "url": "https://github.com/illuminate/events.git",
                "reference": "5a50ce08fa9efaf9213a720ee7c5c2c73aa071bf"
            },
            "dist": {
                "type": "zip",
                "url": "https://api.github.com/repos/illuminate/events/zipball/5a50ce08fa9efaf9213a720ee7c5c2c73aa071bf",
                "reference": "5a50ce08fa9efaf9213a720ee7c5c2c73aa071bf",
                "shasum": ""
            },
            "require": {
                "illuminate/container": "5.4.*",
                "illuminate/contracts": "5.4.*",
                "illuminate/support": "5.4.*",
                "php": ">=5.6.4"
            },
            "type": "library",
            "extra": {
                "branch-alias": {
                    "dev-master": "5.4-dev"
                }
            },
            "autoload": {
                "psr-4": {
                    "Illuminate\\Events\\": ""
                }
            },
            "notification-url": "https://packagist.org/downloads/",
            "license": [
                "MIT"
            ],
            "authors": [
                {
                    "name": "Taylor Otwell",
                    "email": "taylor@laravel.com"
                }
            ],
            "description": "The Illuminate Events package.",
            "homepage": "https://laravel.com",
            "time": "2017-04-09T00:57:11+00:00"
        },
        {
            "name": "illuminate/filesystem",
            "version": "v5.4.19",
            "source": {
                "type": "git",
                "url": "https://github.com/illuminate/filesystem.git",
                "reference": "7f656e3421b94d759627e891567380b50586f045"
            },
            "dist": {
                "type": "zip",
                "url": "https://api.github.com/repos/illuminate/filesystem/zipball/7f656e3421b94d759627e891567380b50586f045",
                "reference": "7f656e3421b94d759627e891567380b50586f045",
                "shasum": ""
            },
            "require": {
                "illuminate/contracts": "5.4.*",
                "illuminate/support": "5.4.*",
                "php": ">=5.6.4",
                "symfony/finder": "~3.2"
            },
            "suggest": {
                "league/flysystem": "Required to use the Flysystem local and FTP drivers (~1.0).",
                "league/flysystem-aws-s3-v3": "Required to use the Flysystem S3 driver (~1.0).",
                "league/flysystem-rackspace": "Required to use the Flysystem Rackspace driver (~1.0)."
            },
            "type": "library",
            "extra": {
                "branch-alias": {
                    "dev-master": "5.4-dev"
                }
            },
            "autoload": {
                "psr-4": {
                    "Illuminate\\Filesystem\\": ""
                }
            },
            "notification-url": "https://packagist.org/downloads/",
            "license": [
                "MIT"
            ],
            "authors": [
                {
                    "name": "Taylor Otwell",
                    "email": "taylor@laravel.com"
                }
            ],
            "description": "The Illuminate Filesystem package.",
            "homepage": "https://laravel.com",
            "time": "2017-04-07T19:38:05+00:00"
        },
        {
            "name": "illuminate/support",
            "version": "v5.4.19",
            "source": {
                "type": "git",
                "url": "https://github.com/illuminate/support.git",
                "reference": "b8cb37e15331c59da51c8ee5838038baa22d7955"
            },
            "dist": {
                "type": "zip",
                "url": "https://api.github.com/repos/illuminate/support/zipball/b8cb37e15331c59da51c8ee5838038baa22d7955",
                "reference": "b8cb37e15331c59da51c8ee5838038baa22d7955",
                "shasum": ""
            },
            "require": {
                "doctrine/inflector": "~1.0",
                "ext-mbstring": "*",
                "illuminate/contracts": "5.4.*",
                "paragonie/random_compat": "~1.4|~2.0",
                "php": ">=5.6.4"
            },
            "replace": {
                "tightenco/collect": "self.version"
            },
            "suggest": {
                "illuminate/filesystem": "Required to use the composer class (5.2.*).",
                "symfony/process": "Required to use the composer class (~3.2).",
                "symfony/var-dumper": "Required to use the dd function (~3.2)."
            },
            "type": "library",
            "extra": {
                "branch-alias": {
                    "dev-master": "5.4-dev"
                }
            },
            "autoload": {
                "psr-4": {
                    "Illuminate\\Support\\": ""
                },
                "files": [
                    "helpers.php"
                ]
            },
            "notification-url": "https://packagist.org/downloads/",
            "license": [
                "MIT"
            ],
            "authors": [
                {
                    "name": "Taylor Otwell",
                    "email": "taylor@laravel.com"
                }
            ],
            "description": "The Illuminate Support package.",
            "homepage": "https://laravel.com",
            "time": "2017-04-09T14:34:57+00:00"
        },
        {
            "name": "illuminate/view",
            "version": "v5.4.19",
            "source": {
                "type": "git",
                "url": "https://github.com/illuminate/view.git",
                "reference": "f56446ee98479b9891d78b388bb015e45ff58bc7"
            },
            "dist": {
                "type": "zip",
                "url": "https://api.github.com/repos/illuminate/view/zipball/f56446ee98479b9891d78b388bb015e45ff58bc7",
                "reference": "f56446ee98479b9891d78b388bb015e45ff58bc7",
                "shasum": ""
            },
            "require": {
                "illuminate/container": "5.4.*",
                "illuminate/contracts": "5.4.*",
                "illuminate/events": "5.4.*",
                "illuminate/filesystem": "5.4.*",
                "illuminate/support": "5.4.*",
                "php": ">=5.6.4",
                "symfony/debug": "~3.2"
            },
            "type": "library",
            "extra": {
                "branch-alias": {
                    "dev-master": "5.4-dev"
                }
            },
            "autoload": {
                "psr-4": {
                    "Illuminate\\View\\": ""
                }
            },
            "notification-url": "https://packagist.org/downloads/",
            "license": [
                "MIT"
            ],
            "authors": [
                {
                    "name": "Taylor Otwell",
                    "email": "taylor@laravel.com"
                }
            ],
            "description": "The Illuminate View package.",
            "homepage": "https://laravel.com",
            "time": "2017-04-09T14:27:27+00:00"
        },
        {
            "name": "mikey179/vfsStream",
            "version": "v1.1.0",
            "source": {
                "type": "git",
                "url": "https://github.com/mikey179/vfsStream.git",
                "reference": "fc0fe8f4d0b527254a2dc45f0c265567c881d07e"
            },
            "dist": {
                "type": "zip",
                "url": "https://api.github.com/repos/mikey179/vfsStream/zipball/fc0fe8f4d0b527254a2dc45f0c265567c881d07e",
                "reference": "fc0fe8f4d0b527254a2dc45f0c265567c881d07e",
                "shasum": ""
            },
            "require": {
                "php": ">=5.3.0"
            },
            "type": "library",
            "autoload": {
                "psr-0": {
                    "org\\bovigo\\vfs": "src/main/php"
                }
            },
            "notification-url": "https://packagist.org/downloads/",
            "license": [
                "BSD"
            ],
            "homepage": "http://vfs.bovigo.org/",
            "time": "2012-08-25T12:49:29+00:00"
        },
        {
            "name": "paragonie/random_compat",
            "version": "v2.0.10",
            "source": {
                "type": "git",
                "url": "https://github.com/paragonie/random_compat.git",
                "reference": "634bae8e911eefa89c1abfbf1b66da679ac8f54d"
            },
            "dist": {
                "type": "zip",
                "url": "https://api.github.com/repos/paragonie/random_compat/zipball/634bae8e911eefa89c1abfbf1b66da679ac8f54d",
                "reference": "634bae8e911eefa89c1abfbf1b66da679ac8f54d",
                "shasum": ""
            },
            "require": {
                "php": ">=5.2.0"
            },
            "require-dev": {
                "phpunit/phpunit": "4.*|5.*"
            },
            "suggest": {
                "ext-libsodium": "Provides a modern crypto API that can be used to generate random bytes."
            },
            "type": "library",
            "autoload": {
                "files": [
                    "lib/random.php"
                ]
            },
            "notification-url": "https://packagist.org/downloads/",
            "license": [
                "MIT"
            ],
            "authors": [
                {
                    "name": "Paragon Initiative Enterprises",
                    "email": "security@paragonie.com",
                    "homepage": "https://paragonie.com"
                }
            ],
            "description": "PHP 5.x polyfill for random_bytes() and random_int() from PHP 7",
            "keywords": [
                "csprng",
                "pseudorandom",
                "random"
            ],
            "time": "2017-03-13T16:27:32+00:00"
        },
        {
            "name": "philo/laravel-blade",
            "version": "v3.1",
            "source": {
                "type": "git",
                "url": "https://github.com/PhiloNL/Laravel-Blade.git",
                "reference": "3f0ce2ee198604c53c25188110e6d7b5e887527a"
            },
            "dist": {
                "type": "zip",
                "url": "https://api.github.com/repos/PhiloNL/Laravel-Blade/zipball/3f0ce2ee198604c53c25188110e6d7b5e887527a",
                "reference": "3f0ce2ee198604c53c25188110e6d7b5e887527a",
                "shasum": ""
            },
            "require": {
                "illuminate/events": "~5",
                "illuminate/view": "~5"
            },
            "type": "library",
            "autoload": {
                "psr-4": {
                    "Philo\\Blade\\": "src"
                }
            },
            "notification-url": "https://packagist.org/downloads/",
            "license": [
                "MIT"
            ],
            "authors": [
                {
                    "name": "Philo Hermans",
                    "email": "me@philohermans.com"
                }
            ],
            "description": "Use the simple and yet powerful Laravel Blade templating engine as a standalone component.",
            "keywords": [
                "blade",
                "laravel"
            ],
            "time": "2015-12-04T09:42:42+00:00"
        },
        {
            "name": "phpmailer/phpmailer",
            "version": "v5.2.14",
            "source": {
                "type": "git",
                "url": "https://github.com/PHPMailer/PHPMailer.git",
                "reference": "e774bc9152de85547336e22b8926189e582ece95"
            },
            "dist": {
                "type": "zip",
                "url": "https://api.github.com/repos/PHPMailer/PHPMailer/zipball/e774bc9152de85547336e22b8926189e582ece95",
                "reference": "e774bc9152de85547336e22b8926189e582ece95",
                "shasum": ""
            },
            "require": {
                "php": ">=5.0.0"
            },
            "require-dev": {
                "phpdocumentor/phpdocumentor": "*",
                "phpunit/phpunit": "4.7.*"
            },
            "suggest": {
                "league/oauth2-client": "Needed for XOAUTH2 authentication",
                "league/oauth2-google": "Needed for Gmail XOAUTH2"
            },
            "type": "library",
            "autoload": {
                "classmap": [
                    "class.phpmailer.php",
                    "class.phpmaileroauth.php",
                    "class.phpmaileroauthgoogle.php",
                    "class.smtp.php",
                    "class.pop3.php",
                    "extras/EasyPeasyICS.php",
                    "extras/ntlm_sasl_client.php"
                ]
            },
            "notification-url": "https://packagist.org/downloads/",
            "license": [
                "LGPL-2.1"
            ],
            "authors": [
                {
                    "name": "Jim Jagielski",
                    "email": "jimjag@gmail.com"
                },
                {
                    "name": "Marcus Bointon",
                    "email": "phpmailer@synchromedia.co.uk"
                },
                {
                    "name": "Andy Prevost",
                    "email": "codeworxtech@users.sourceforge.net"
                },
                {
                    "name": "Brent R. Matzelle"
                }
            ],
            "description": "PHPMailer is a full-featured email creation and transfer class for PHP",
            "time": "2015-11-01T10:15:28+00:00"
        },
        {
            "name": "psr/log",
            "version": "1.0.2",
            "source": {
                "type": "git",
                "url": "https://github.com/php-fig/log.git",
                "reference": "4ebe3a8bf773a19edfe0a84b6585ba3d401b724d"
            },
            "dist": {
                "type": "zip",
                "url": "https://api.github.com/repos/php-fig/log/zipball/4ebe3a8bf773a19edfe0a84b6585ba3d401b724d",
                "reference": "4ebe3a8bf773a19edfe0a84b6585ba3d401b724d",
                "shasum": ""
            },
            "require": {
                "php": ">=5.3.0"
            },
            "type": "library",
            "extra": {
                "branch-alias": {
                    "dev-master": "1.0.x-dev"
                }
            },
            "autoload": {
                "psr-4": {
                    "Psr\\Log\\": "Psr/Log/"
                }
            },
            "notification-url": "https://packagist.org/downloads/",
            "license": [
                "MIT"
            ],
            "authors": [
                {
                    "name": "PHP-FIG",
                    "homepage": "http://www.php-fig.org/"
                }
            ],
            "description": "Common interface for logging libraries",
            "homepage": "https://github.com/php-fig/log",
            "keywords": [
                "log",
                "psr",
                "psr-3"
            ],
            "time": "2016-10-10T12:19:37+00:00"
        },
        {
            "name": "symfony/debug",
            "version": "v3.2.8",
            "source": {
                "type": "git",
                "url": "https://github.com/symfony/debug.git",
                "reference": "fd6eeee656a5a7b384d56f1072243fe1c0e81686"
            },
            "dist": {
                "type": "zip",
                "url": "https://api.github.com/repos/symfony/debug/zipball/fd6eeee656a5a7b384d56f1072243fe1c0e81686",
                "reference": "fd6eeee656a5a7b384d56f1072243fe1c0e81686",
                "shasum": ""
            },
            "require": {
                "php": ">=5.5.9",
                "psr/log": "~1.0"
            },
            "conflict": {
                "symfony/http-kernel": ">=2.3,<2.3.24|~2.4.0|>=2.5,<2.5.9|>=2.6,<2.6.2"
            },
            "require-dev": {
                "symfony/class-loader": "~2.8|~3.0",
                "symfony/http-kernel": "~2.8|~3.0"
            },
            "type": "library",
            "extra": {
                "branch-alias": {
                    "dev-master": "3.2-dev"
                }
            },
            "autoload": {
                "psr-4": {
                    "Symfony\\Component\\Debug\\": ""
                },
                "exclude-from-classmap": [
                    "/Tests/"
                ]
            },
            "notification-url": "https://packagist.org/downloads/",
            "license": [
                "MIT"
            ],
            "authors": [
                {
                    "name": "Fabien Potencier",
                    "email": "fabien@symfony.com"
                },
                {
                    "name": "Symfony Community",
                    "homepage": "https://symfony.com/contributors"
                }
            ],
            "description": "Symfony Debug Component",
            "homepage": "https://symfony.com",
            "time": "2017-04-19T20:17:50+00:00"
        },
        {
            "name": "symfony/finder",
            "version": "v3.2.8",
            "source": {
                "type": "git",
                "url": "https://github.com/symfony/finder.git",
                "reference": "9cf076f8f492f4b1ffac40aae9c2d287b4ca6930"
            },
            "dist": {
                "type": "zip",
                "url": "https://api.github.com/repos/symfony/finder/zipball/9cf076f8f492f4b1ffac40aae9c2d287b4ca6930",
                "reference": "9cf076f8f492f4b1ffac40aae9c2d287b4ca6930",
                "shasum": ""
            },
            "require": {
                "php": ">=5.5.9"
            },
            "type": "library",
            "extra": {
                "branch-alias": {
                    "dev-master": "3.2-dev"
                }
            },
            "autoload": {
                "psr-4": {
                    "Symfony\\Component\\Finder\\": ""
                },
                "exclude-from-classmap": [
                    "/Tests/"
                ]
            },
            "notification-url": "https://packagist.org/downloads/",
            "license": [
                "MIT"
            ],
            "authors": [
                {
                    "name": "Fabien Potencier",
                    "email": "fabien@symfony.com"
                },
                {
                    "name": "Symfony Community",
                    "homepage": "https://symfony.com/contributors"
                }
            ],
            "description": "Symfony Finder Component",
            "homepage": "https://symfony.com",
            "time": "2017-04-12T14:13:17+00:00"
        },
        {
            "name": "vlucas/valitron",
            "version": "v1.4.0",
            "source": {
                "type": "git",
                "url": "https://github.com/vlucas/valitron.git",
                "reference": "b33c79116260637337187b7125f955ae26d306cc"
            },
            "dist": {
                "type": "zip",
                "url": "https://api.github.com/repos/vlucas/valitron/zipball/b33c79116260637337187b7125f955ae26d306cc",
                "reference": "b33c79116260637337187b7125f955ae26d306cc",
                "shasum": ""
            },
            "require": {
                "php": ">=5.3.2"
            },
            "require-dev": {
                "phpunit/phpunit": "~4.0"
            },
            "type": "library",
            "autoload": {
                "psr-0": {
                    "Valitron": "src/"
                }
            },
            "notification-url": "https://packagist.org/downloads/",
            "license": [
                "BSD"
            ],
            "authors": [
                {
                    "name": "Vance Lucas",
                    "email": "vance@vancelucas.com",
                    "homepage": "http://www.vancelucas.com"
                }
            ],
            "description": "Simple, elegant, stand-alone validation library with NO dependencies",
            "homepage": "http://github.com/vlucas/valitron",
            "keywords": [
                "valid",
                "validation",
                "validator"
            ],
            "time": "2017-02-23T08:31:59+00:00"
        }
    ],
    "aliases": [],
    "minimum-stability": "stable",
    "stability-flags": [],
    "prefer-stable": false,
    "prefer-lowest": false,
    "platform": {
        "php": ">=5.2.4"
    },
    "platform-dev": []
}
